// !$*UTF8*$!
{
	archiveVersion = 1;
	classes = {
	};
	objectVersion = 77;
	objects = {

/* Begin PBXContainerItemProxy section */
		830FF2592EB66F6500EB6782 /* PBXContainerItemProxy */ = {
			isa = PBXContainerItemProxy;
			containerPortal = 830FF23E2EB66F6400EB6782 /* Project object */;
			proxyType = 1;
			remoteGlobalIDString = 830FF2452EB66F6400EB6782;
			remoteInfo = GrimpossibleMission;
		};
		830FF2632EB66F6500EB6782 /* PBXContainerItemProxy */ = {
			isa = PBXContainerItemProxy;
			containerPortal = 830FF23E2EB66F6400EB6782 /* Project object */;
			proxyType = 1;
			remoteGlobalIDString = 830FF2452EB66F6400EB6782;
			remoteInfo = GrimpossibleMission;
		};
/* End PBXContainerItemProxy section */

/* Begin PBXFileReference section */
		830FF2462EB66F6400EB6782 /* GrimpossibleMission.app */ = {isa = PBXFileReference; explicitFileType = wrapper.application; includeInIndex = 0; path = GrimpossibleMission.app; sourceTree = BUILT_PRODUCTS_DIR; };
		830FF2582EB66F6500EB6782 /* GrimpossibleMissionTests.xctest */ = {isa = PBXFileReference; explicitFileType = wrapper.cfbundle; includeInIndex = 0; path = GrimpossibleMissionTests.xctest; sourceTree = BUILT_PRODUCTS_DIR; };
		830FF2622EB66F6500EB6782 /* GrimpossibleMissionUITests.xctest */ = {isa = PBXFileReference; explicitFileType = wrapper.cfbundle; includeInIndex = 0; path = GrimpossibleMissionUITests.xctest; sourceTree = BUILT_PRODUCTS_DIR; };
/* End PBXFileReference section */

/* Begin PBXFileSystemSynchronizedRootGroup section */
		830FF2482EB66F6400EB6782 /* GrimpossibleMission */ = {
			isa = PBXFileSystemSynchronizedRootGroup;
			path = GrimpossibleMission;
			sourceTree = "<group>";
		};
		830FF25B2EB66F6500EB6782 /* GrimpossibleMissionTests */ = {
			isa = PBXFileSystemSynchronizedRootGroup;
			path = GrimpossibleMissionTests;
			sourceTree = "<group>";
		};
		830FF2652EB66F6500EB6782 /* GrimpossibleMissionUITests */ = {
			isa = PBXFileSystemSynchronizedRootGroup;
			path = GrimpossibleMissionUITests;
			sourceTree = "<group>";
		};
/* End PBXFileSystemSynchronizedRootGroup section */

/* Begin PBXFrameworksBuildPhase section */
		830FF2432EB66F6400EB6782 /* Frameworks */ = {
			isa = PBXFrameworksBuildPhase;
			buildActionMask = 2147483647;
			files = (
			);
			runOnlyForDeploymentPostprocessing = 0;
		};
		830FF2552EB66F6500EB6782 /* Frameworks */ = {
			isa = PBXFrameworksBuildPhase;
			buildActionMask = 2147483647;
			files = (
			);
			runOnlyForDeploymentPostprocessing = 0;
		};
		830FF25F2EB66F6500EB6782 /* Frameworks */ = {
			isa = PBXFrameworksBuildPhase;
			buildActionMask = 2147483647;
			files = (
			);
			runOnlyForDeploymentPostprocessing = 0;
		};
/* End PBXFrameworksBuildPhase section */

/* Begin PBXGroup section */
		830FF23D2EB66F6400EB6782 = {
			isa = PBXGroup;
			children = (
				830FF2482EB66F6400EB6782 /* GrimpossibleMission */,
				830FF25B2EB66F6500EB6782 /* GrimpossibleMissionTests */,
				830FF2652EB66F6500EB6782 /* GrimpossibleMissionUITests */,
				830FF2472EB66F6400EB6782 /* Products */,
			);
			sourceTree = "<group>";
		};
		830FF2472EB66F6400EB6782 /* Products */ = {
			isa = PBXGroup;
			children = (
				830FF2462EB66F6400EB6782 /* GrimpossibleMission.app */,
				830FF2582EB66F6500EB6782 /* GrimpossibleMissionTests.xctest */,
				830FF2622EB66F6500EB6782 /* GrimpossibleMissionUITests.xctest */,
			);
			name = Products;
			sourceTree = "<group>";
		};
/* End PBXGroup section */

/* Begin PBXNativeTarget section */
		830FF2452EB66F6400EB6782 /* GrimpossibleMission */ = {
			isa = PBXNativeTarget;
			buildConfigurationList = 830FF26C2EB66F6500EB6782 /* Build configuration list for PBXNativeTarget "GrimpossibleMission" */;
			buildPhases = (
				830FF2422EB66F6400EB6782 /* Sources */,
				830FF2432EB66F6400EB6782 /* Frameworks */,
				830FF2442EB66F6400EB6782 /* Resources */,
			);
			buildRules = (
			);
			dependencies = (
			);
			fileSystemSynchronizedGroups = (
				830FF2482EB66F6400EB6782 /* GrimpossibleMission */,
			);
			name = GrimpossibleMission;
			packageProductDependencies = (
			);
			productName = GrimpossibleMission;
			productReference = 830FF2462EB66F6400EB6782 /* GrimpossibleMission.app */;
			productType = "com.apple.product-type.application";
		};
		830FF2572EB66F6500EB6782 /* GrimpossibleMissionTests */ = {
			isa = PBXNativeTarget;
			buildConfigurationList = 830FF26F2EB66F6500EB6782 /* Build configuration list for PBXNativeTarget "GrimpossibleMissionTests" */;
			buildPhases = (
				830FF2542EB66F6500EB6782 /* Sources */,
				830FF2552EB66F6500EB6782 /* Frameworks */,
				830FF2562EB66F6500EB6782 /* Resources */,
			);
			buildRules = (
			);
			dependencies = (
				830FF25A2EB66F6500EB6782 /* PBXTargetDependency */,
			);
			fileSystemSynchronizedGroups = (
				830FF25B2EB66F6500EB6782 /* GrimpossibleMissionTests */,
			);
			name = GrimpossibleMissionTests;
			packageProductDependencies = (
			);
			productName = GrimpossibleMissionTests;
			productReference = 830FF2582EB66F6500EB6782 /* GrimpossibleMissionTests.xctest */;
			productType = "com.apple.product-type.bundle.unit-test";
		};
		830FF2612EB66F6500EB6782 /* GrimpossibleMissionUITests */ = {
			isa = PBXNativeTarget;
			buildConfigurationList = 830FF2722EB66F6500EB6782 /* Build configuration list for PBXNativeTarget "GrimpossibleMissionUITests" */;
			buildPhases = (
				830FF25E2EB66F6500EB6782 /* Sources */,
				830FF25F2EB66F6500EB6782 /* Frameworks */,
				830FF2602EB66F6500EB6782 /* Resources */,
			);
			buildRules = (
			);
			dependencies = (
				830FF2642EB66F6500EB6782 /* PBXTargetDependency */,
			);
			fileSystemSynchronizedGroups = (
				830FF2652EB66F6500EB6782 /* GrimpossibleMissionUITests */,
			);
			name = GrimpossibleMissionUITests;
			packageProductDependencies = (
			);
			productName = GrimpossibleMissionUITests;
			productReference = 830FF2622EB66F6500EB6782 /* GrimpossibleMissionUITests.xctest */;
			productType = "com.apple.product-type.bundle.ui-testing";
		};
/* End PBXNativeTarget section */

/* Begin PBXProject section */
		830FF23E2EB66F6400EB6782 /* Project object */ = {
			isa = PBXProject;
			attributes = {
				BuildIndependentTargetsInParallel = 1;
				LastSwiftUpdateCheck = 2600;
				LastUpgradeCheck = 2600;
				TargetAttributes = {
					830FF2452EB66F6400EB6782 = {
						CreatedOnToolsVersion = 26.0.1;
					};
					830FF2572EB66F6500EB6782 = {
						CreatedOnToolsVersion = 26.0.1;
						TestTargetID = 830FF2452EB66F6400EB6782;
					};
					830FF2612EB66F6500EB6782 = {
						CreatedOnToolsVersion = 26.0.1;
						TestTargetID = 830FF2452EB66F6400EB6782;
					};
				};
			};
			buildConfigurationList = 830FF2412EB66F6400EB6782 /* Build configuration list for PBXProject "GrimpossibleMission" */;
			developmentRegion = en;
			hasScannedForEncodings = 0;
			knownRegions = (
				en,
				Base,
			);
			mainGroup = 830FF23D2EB66F6400EB6782;
			minimizedProjectReferenceProxies = 1;
			preferredProjectObjectVersion = 77;
			productRefGroup = 830FF2472EB66F6400EB6782 /* Products */;
			projectDirPath = "";
			projectRoot = "";
			targets = (
				830FF2452EB66F6400EB6782 /* GrimpossibleMission */,
				830FF2572EB66F6500EB6782 /* GrimpossibleMissionTests */,
				830FF2612EB66F6500EB6782 /* GrimpossibleMissionUITests */,
			);
		};
/* End PBXProject section */

/* Begin PBXResourcesBuildPhase section */
		830FF2442EB66F6400EB6782 /* Resources */ = {
			isa = PBXResourcesBuildPhase;
			buildActionMask = 2147483647;
			files = (
			);
			runOnlyForDeploymentPostprocessing = 0;
		};
		830FF2562EB66F6500EB6782 /* Resources */ = {
			isa = PBXResourcesBuildPhase;
			buildActionMask = 2147483647;
			files = (
			);
			runOnlyForDeploymentPostprocessing = 0;
		};
		830FF2602EB66F6500EB6782 /* Resources */ = {
			isa = PBXResourcesBuildPhase;
			buildActionMask = 2147483647;
			files = (
			);
			runOnlyForDeploymentPostprocessing = 0;
		};
/* End PBXResourcesBuildPhase section */

/* Begin PBXSourcesBuildPhase section */
		830FF2422EB66F6400EB6782 /* Sources */ = {
			isa = PBXSourcesBuildPhase;
			buildActionMask = 2147483647;
			files = (
			);
			runOnlyForDeploymentPostprocessing = 0;
		};
		830FF2542EB66F6500EB6782 /* Sources */ = {
			isa = PBXSourcesBuildPhase;
			buildActionMask = 2147483647;
			files = (
			);
			runOnlyForDeploymentPostprocessing = 0;
		};
		830FF25E2EB66F6500EB6782 /* Sources */ = {
			isa = PBXSourcesBuildPhase;
			buildActionMask = 2147483647;
			files = (
			);
			runOnlyForDeploymentPostprocessing = 0;
		};
/* End PBXSourcesBuildPhase section */

/* Begin PBXTargetDependency section */
		830FF25A2EB66F6500EB6782 /* PBXTargetDependency */ = {
			isa = PBXTargetDependency;
			target = 830FF2452EB66F6400EB6782 /* GrimpossibleMission */;
			targetProxy = 830FF2592EB66F6500EB6782 /* PBXContainerItemProxy */;
		};
		830FF2642EB66F6500EB6782 /* PBXTargetDependency */ = {
			isa = PBXTargetDependency;
			target = 830FF2452EB66F6400EB6782 /* GrimpossibleMission */;
			targetProxy = 830FF2632EB66F6500EB6782 /* PBXContainerItemProxy */;
		};
/* End PBXTargetDependency section */

/* Begin XCBuildConfiguration section */
		830FF26A2EB66F6500EB6782 /* Debug */ = {
			isa = XCBuildConfiguration;
			buildSettings = {
				ALWAYS_SEARCH_USER_PATHS = NO;
				ASSETCATALOG_COMPILER_GENERATE_SWIFT_ASSET_SYMBOL_EXTENSIONS = YES;
				CLANG_ANALYZER_NONNULL = YES;
				CLANG_ANALYZER_NUMBER_OBJECT_CONVERSION = YES_AGGRESSIVE;
				CLANG_CXX_LANGUAGE_STANDARD = "gnu++20";
				CLANG_ENABLE_MODULES = YES;
				CLANG_ENABLE_OBJC_ARC = YES;
				CLANG_ENABLE_OBJC_WEAK = YES;
				CLANG_WARN_BLOCK_CAPTURE_AUTORELEASING = YES;
				CLANG_WARN_BOOL_CONVERSION = YES;
				CLANG_WARN_COMMA = YES;
				CLANG_WARN_CONSTANT_CONVERSION = YES;
				CLANG_WARN_DEPRECATED_OBJC_IMPLEMENTATIONS = YES;
				CLANG_WARN_DIRECT_OBJC_ISA_USAGE = YES_ERROR;
				CLANG_WARN_DOCUMENTATION_COMMENTS = YES;
				CLANG_WARN_EMPTY_BODY = YES;
				CLANG_WARN_ENUM_CONVERSION = YES;
				CLANG_WARN_INFINITE_RECURSION = YES;
				CLANG_WARN_INT_CONVERSION = YES;
				CLANG_WARN_NON_LITERAL_NULL_CONVERSION = YES;
				CLANG_WARN_OBJC_IMPLICIT_RETAIN_SELF = YES;
				CLANG_WARN_OBJC_LITERAL_CONVERSION = YES;
				CLANG_WARN_OBJC_ROOT_CLASS = YES_ERROR;
				CLANG_WARN_QUOTED_INCLUDE_IN_FRAMEWORK_HEADER = YES;
				CLANG_WARN_RANGE_LOOP_ANALYSIS = YES;
				CLANG_WARN_STRICT_PROTOTYPES = YES;
				CLANG_WARN_SUSPICIOUS_MOVE = YES;
				CLANG_WARN_UNGUARDED_AVAILABILITY = YES_AGGRESSIVE;
				CLANG_WARN_UNREACHABLE_CODE = YES;
				CLANG_WARN__DUPLICATE_METHOD_MATCH = YES;
				COPY_PHASE_STRIP = NO;
				DEBUG_INFORMATION_FORMAT = dwarf;
				DEVELOPMENT_TEAM = 372P7M2DU9;
				ENABLE_STRICT_OBJC_MSGSEND = YES;
				ENABLE_TESTABILITY = YES;
				ENABLE_USER_SCRIPT_SANDBOXING = YES;
				GCC_C_LANGUAGE_STANDARD = gnu17;
				GCC_DYNAMIC_NO_PIC = NO;
				GCC_NO_COMMON_BLOCKS = YES;
				GCC_OPTIMIZATION_LEVEL = 0;
				GCC_PREPROCESSOR_DEFINITIONS = (
					"DEBUG=1",
					"$(inherited)",
				);
				GCC_WARN_64_TO_32_BIT_CONVERSION = YES;
				GCC_WARN_ABOUT_RETURN_TYPE = YES_ERROR;
				GCC_WARN_UNDECLARED_SELECTOR = YES;
				GCC_WARN_UNINITIALIZED_AUTOS = YES_AGGRESSIVE;
				GCC_WARN_UNUSED_FUNCTION = YES;
				GCC_WARN_UNUSED_VARIABLE = YES;
				LOCALIZATION_PREFERS_STRING_CATALOGS = YES;
				MTL_ENABLE_DEBUG_INFO = INCLUDE_SOURCE;
				MTL_FAST_MATH = YES;
				ONLY_ACTIVE_ARCH = YES;
				SDKROOT = appletvos;
				SWIFT_ACTIVE_COMPILATION_CONDITIONS = "DEBUG $(inherited)";
				SWIFT_OPTIMIZATION_LEVEL = "-Onone";
				TVOS_DEPLOYMENT_TARGET = 26.0;
			};
			name = Debug;
		};
		830FF26B2EB66F6500EB6782 /* Release */ = {
			isa = XCBuildConfiguration;
			buildSettings = {
				ALWAYS_SEARCH_USER_PATHS = NO;
				ASSETCATALOG_COMPILER_GENERATE_SWIFT_ASSET_SYMBOL_EXTENSIONS = YES;
				CLANG_ANALYZER_NONNULL = YES;
				CLANG_ANALYZER_NUMBER_OBJECT_CONVERSION = YES_AGGRESSIVE;
				CLANG_CXX_LANGUAGE_STANDARD = "gnu++20";
				CLANG_ENABLE_MODULES = YES;
				CLANG_ENABLE_OBJC_ARC = YES;
				CLANG_ENABLE_OBJC_WEAK = YES;
				CLANG_WARN_BLOCK_CAPTURE_AUTORELEASING = YES;
				CLANG_WARN_BOOL_CONVERSION = YES;
				CLANG_WARN_COMMA = YES;
				CLANG_WARN_CONSTANT_CONVERSION = YES;
				CLANG_WARN_DEPRECATED_OBJC_IMPLEMENTATIONS = YES;
				CLANG_WARN_DIRECT_OBJC_ISA_USAGE = YES_ERROR;
				CLANG_WARN_DOCUMENTATION_COMMENTS = YES;
				CLANG_WARN_EMPTY_BODY = YES;
				CLANG_WARN_ENUM_CONVERSION = YES;
				CLANG_WARN_INFINITE_RECURSION = YES;
				CLANG_WARN_INT_CONVERSION = YES;
				CLANG_WARN_NON_LITERAL_NULL_CONVERSION = YES;
				CLANG_WARN_OBJC_IMPLICIT_RETAIN_SELF = YES;
				CLANG_WARN_OBJC_LITERAL_CONVERSION = YES;
				CLANG_WARN_OBJC_ROOT_CLASS = YES_ERROR;
				CLANG_WARN_QUOTED_INCLUDE_IN_FRAMEWORK_HEADER = YES;
				CLANG_WARN_RANGE_LOOP_ANALYSIS = YES;
				CLANG_WARN_STRICT_PROTOTYPES = YES;
				CLANG_WARN_SUSPICIOUS_MOVE = YES;
				CLANG_WARN_UNGUARDED_AVAILABILITY = YES_AGGRESSIVE;
				CLANG_WARN_UNREACHABLE_CODE = YES;
				CLANG_WARN__DUPLICATE_METHOD_MATCH = YES;
				COPY_PHASE_STRIP = NO;
				DEBUG_INFORMATION_FORMAT = "dwarf-with-dsym";
				DEVELOPMENT_TEAM = 372P7M2DU9;
				ENABLE_NS_ASSERTIONS = NO;
				ENABLE_STRICT_OBJC_MSGSEND = YES;
				ENABLE_USER_SCRIPT_SANDBOXING = YES;
				GCC_C_LANGUAGE_STANDARD = gnu17;
				GCC_NO_COMMON_BLOCKS = YES;
				GCC_WARN_64_TO_32_BIT_CONVERSION = YES;
				GCC_WARN_ABOUT_RETURN_TYPE = YES_ERROR;
				GCC_WARN_UNDECLARED_SELECTOR = YES;
				GCC_WARN_UNINITIALIZED_AUTOS = YES_AGGRESSIVE;
				GCC_WARN_UNUSED_FUNCTION = YES;
				GCC_WARN_UNUSED_VARIABLE = YES;
				LOCALIZATION_PREFERS_STRING_CATALOGS = YES;
				MTL_ENABLE_DEBUG_INFO = NO;
				MTL_FAST_MATH = YES;
				SDKROOT = appletvos;
				SWIFT_COMPILATION_MODE = wholemodule;
				TVOS_DEPLOYMENT_TARGET = 26.0;
				VALIDATE_PRODUCT = YES;
			};
			name = Release;
		};
		830FF26D2EB66F6500EB6782 /* Debug */ = {
			isa = XCBuildConfiguration;
			buildSettings = {
				ASSETCATALOG_COMPILER_APPICON_NAME = "App Icon & Top Shelf Image";
				ASSETCATALOG_COMPILER_GLOBAL_ACCENT_COLOR_NAME = AccentColor;
				CODE_SIGN_STYLE = Automatic;
				CURRENT_PROJECT_VERSION = 1;
				DEVELOPMENT_TEAM = 372P7M2DU9;
				GENERATE_INFOPLIST_FILE = YES;
				INFOPLIST_KEY_UILaunchStoryboardName = LaunchScreen;
				INFOPLIST_KEY_UIUserInterfaceStyle = Automatic;
				LD_RUNPATH_SEARCH_PATHS = (
					"$(inherited)",
					"@executable_path/Frameworks",
				);
				MARKETING_VERSION = 1.0;
				PRODUCT_BUNDLE_IDENTIFIER = com.grimwhirl.GrimpossibleMission;
				PRODUCT_NAME = "$(TARGET_NAME)";
				STRING_CATALOG_GENERATE_SYMBOLS = YES;
				SWIFT_APPROACHABLE_CONCURRENCY = YES;
				SWIFT_DEFAULT_ACTOR_ISOLATION = MainActor;
				SWIFT_EMIT_LOC_STRINGS = YES;
				SWIFT_UPCOMING_FEATURE_MEMBER_IMPORT_VISIBILITY = YES;
				SWIFT_VERSION = 5.0;
				TARGETED_DEVICE_FAMILY = 3;
			};
			name = Debug;
		};
		830FF26E2EB66F6500EB6782 /* Release */ = {
			isa = XCBuildConfiguration;
			buildSettings = {
				ASSETCATALOG_COMPILER_APPICON_NAME = "App Icon & Top Shelf Image";
				ASSETCATALOG_COMPILER_GLOBAL_ACCENT_COLOR_NAME = AccentColor;
				CODE_SIGN_STYLE = Automatic;
				CURRENT_PROJECT_VERSION = 1;
				DEVELOPMENT_TEAM = 372P7M2DU9;
				GENERATE_INFOPLIST_FILE = YES;
				INFOPLIST_KEY_UILaunchStoryboardName = LaunchScreen;
				INFOPLIST_KEY_UIUserInterfaceStyle = Automatic;
				LD_RUNPATH_SEARCH_PATHS = (
					"$(inherited)",
					"@executable_path/Frameworks",
				);
				MARKETING_VERSION = 1.0;
				PRODUCT_BUNDLE_IDENTIFIER = com.grimwhirl.GrimpossibleMission;
				PRODUCT_NAME = "$(TARGET_NAME)";
				STRING_CATALOG_GENERATE_SYMBOLS = YES;
				SWIFT_APPROACHABLE_CONCURRENCY = YES;
				SWIFT_DEFAULT_ACTOR_ISOLATION = MainActor;
				SWIFT_EMIT_LOC_STRINGS = YES;
				SWIFT_UPCOMING_FEATURE_MEMBER_IMPORT_VISIBILITY = YES;
				SWIFT_VERSION = 5.0;
				TARGETED_DEVICE_FAMILY = 3;
			};
			name = Release;
		};
		830FF2702EB66F6500EB6782 /* Debug */ = {
			isa = XCBuildConfiguration;
			buildSettings = {
				BUNDLE_LOADER = "$(TEST_HOST)";
				CODE_SIGN_STYLE = Automatic;
				CURRENT_PROJECT_VERSION = 1;
				DEVELOPMENT_TEAM = 372P7M2DU9;
				GENERATE_INFOPLIST_FILE = YES;
				MARKETING_VERSION = 1.0;
				PRODUCT_BUNDLE_IDENTIFIER = com.grimwhirl.GrimpossibleMissionTests;
				PRODUCT_NAME = "$(TARGET_NAME)";
				STRING_CATALOG_GENERATE_SYMBOLS = NO;
				SWIFT_APPROACHABLE_CONCURRENCY = YES;
				SWIFT_EMIT_LOC_STRINGS = NO;
				SWIFT_UPCOMING_FEATURE_MEMBER_IMPORT_VISIBILITY = YES;
				SWIFT_VERSION = 5.0;
				TARGETED_DEVICE_FAMILY = 3;
				TEST_HOST = "$(BUILT_PRODUCTS_DIR)/GrimpossibleMission.app/$(BUNDLE_EXECUTABLE_FOLDER_PATH)/GrimpossibleMission";
				TVOS_DEPLOYMENT_TARGET = 26.0;
			};
			name = Debug;
		};
		830FF2712EB66F6500EB6782 /* Release */ = {
			isa = XCBuildConfiguration;
			buildSettings = {
				BUNDLE_LOADER = "$(TEST_HOST)";
				CODE_SIGN_STYLE = Automatic;
				CURRENT_PROJECT_VERSION = 1;
				DEVELOPMENT_TEAM = 372P7M2DU9;
				GENERATE_INFOPLIST_FILE = YES;
				MARKETING_VERSION = 1.0;
				PRODUCT_BUNDLE_IDENTIFIER = com.grimwhirl.GrimpossibleMissionTests;
				PRODUCT_NAME = "$(TARGET_NAME)";
				STRING_CATALOG_GENERATE_SYMBOLS = NO;
				SWIFT_APPROACHABLE_CONCURRENCY = YES;
				SWIFT_EMIT_LOC_STRINGS = NO;
				SWIFT_UPCOMING_FEATURE_MEMBER_IMPORT_VISIBILITY = YES;
				SWIFT_VERSION = 5.0;
				TARGETED_DEVICE_FAMILY = 3;
				TEST_HOST = "$(BUILT_PRODUCTS_DIR)/GrimpossibleMission.app/$(BUNDLE_EXECUTABLE_FOLDER_PATH)/GrimpossibleMission";
				TVOS_DEPLOYMENT_TARGET = 26.0;
			};
			name = Release;
		};
		830FF2732EB66F6500EB6782 /* Debug */ = {
			isa = XCBuildConfiguration;
			buildSettings = {
				CODE_SIGN_STYLE = Automatic;
				CURRENT_PROJECT_VERSION = 1;
				DEVELOPMENT_TEAM = 372P7M2DU9;
				GENERATE_INFOPLIST_FILE = YES;
				MARKETING_VERSION = 1.0;
				PRODUCT_BUNDLE_IDENTIFIER = com.grimwhirl.GrimpossibleMissionUITests;
				PRODUCT_NAME = "$(TARGET_NAME)";
				STRING_CATALOG_GENERATE_SYMBOLS = NO;
				SWIFT_APPROACHABLE_CONCURRENCY = YES;
				SWIFT_EMIT_LOC_STRINGS = NO;
				SWIFT_UPCOMING_FEATURE_MEMBER_IMPORT_VISIBILITY = YES;
				SWIFT_VERSION = 5.0;
				TARGETED_DEVICE_FAMILY = 3;
				TEST_TARGET_NAME = GrimpossibleMission;
			};
			name = Debug;
		};
		830FF2742EB66F6500EB6782 /* Release */ = {
			isa = XCBuildConfiguration;
			buildSettings = {
				CODE_SIGN_STYLE = Automatic;
				CURRENT_PROJECT_VERSION = 1;
				DEVELOPMENT_TEAM = 372P7M2DU9;
				GENERATE_INFOPLIST_FILE = YES;
				MARKETING_VERSION = 1.0;
				PRODUCT_BUNDLE_IDENTIFIER = com.grimwhirl.GrimpossibleMissionUITests;
				PRODUCT_NAME = "$(TARGET_NAME)";
				STRING_CATALOG_GENERATE_SYMBOLS = NO;
				SWIFT_APPROACHABLE_CONCURRENCY = YES;
				SWIFT_EMIT_LOC_STRINGS = NO;
				SWIFT_UPCOMING_FEATURE_MEMBER_IMPORT_VISIBILITY = YES;
				SWIFT_VERSION = 5.0;
				TARGETED_DEVICE_FAMILY = 3;
				TEST_TARGET_NAME = GrimpossibleMission;
			};
			name = Release;
		};
/* End XCBuildConfiguration section */

/* Begin XCConfigurationList section */
		830FF2412EB66F6400EB6782 /* Build configuration list for PBXProject "GrimpossibleMission" */ = {
			isa = XCConfigurationList;
			buildConfigurations = (
				830FF26A2EB66F6500EB6782 /* Debug */,
				830FF26B2EB66F6500EB6782 /* Release */,
			);
			defaultConfigurationIsVisible = 0;
			defaultConfigurationName = Release;
		};
		830FF26C2EB66F6500EB6782 /* Build configuration list for PBXNativeTarget "GrimpossibleMission" */ = {
			isa = XCConfigurationList;
			buildConfigurations = (
				830FF26D2EB66F6500EB6782 /* Debug */,
				830FF26E2EB66F6500EB6782 /* Release */,
			);
			defaultConfigurationIsVisible = 0;
			defaultConfigurationName = Release;
		};
		830FF26F2EB66F6500EB6782 /* Build configuration list for PBXNativeTarget "GrimpossibleMissionTests" */ = {
			isa = XCConfigurationList;
			buildConfigurations = (
				830FF2702EB66F6500EB6782 /* Debug */,
				830FF2712EB66F6500EB6782 /* Release */,
			);
			defaultConfigurationIsVisible = 0;
			defaultConfigurationName = Release;
		};
		830FF2722EB66F6500EB6782 /* Build configuration list for PBXNativeTarget "GrimpossibleMissionUITests" */ = {
			isa = XCConfigurationList;
			buildConfigurations = (
				830FF2732EB66F6500EB6782 /* Debug */,
				830FF2742EB66F6500EB6782 /* Release */,
			);
			defaultConfigurationIsVisible = 0;
			defaultConfigurationName = Release;
		};
/* End XCConfigurationList section */
	};
	rootObject = 830FF23E2EB66F6400EB6782 /* Project object */;
}
